{
  "name": "test",
  "version": "1.0.0",
  "lockfileVersion": 2,
  "requires": true,
  "packages": {
    "": {
      "name": "test",
      "version": "1.0.0",
      "license": "ISC",
      "dependencies": {
        "@rexysaur/bluediamond": "^1.0.1"
      }
    },
    "node_modules/@rexysaur/bluediamond": {
      "version": "1.0.1",
      "resolved": "https://registry.npmjs.org/@rexysaur/bluediamond/-/bluediamond-1.0.1.tgz",
      "integrity": "sha512-yPpXJFCCUNyswf9Pn63KKlyRf5dK3qVtYaeqHO+StIQc9vss/8Jp1Zub44yRMSLyV320blfF7kcmajK+nWQVog==",
      "dependencies": {
        "@rexysaur/bluediamond": "^1.0.0"
      }
    }
  },
  "dependencies": {
    "@rexysaur/bluediamond": {
      "version": "1.0.1",
      "resolved": "https://registry.npmjs.org/@rexysaur/bluediamond/-/bluediamond-1.0.1.tgz",
      "integrity": "sha512-yPpXJFCCUNyswf9Pn63KKlyRf5dK3qVtYaeqHO+StIQc9vss/8Jp1Zub44yRMSLyV320blfF7kcmajK+nWQVog==",
      "requires": {
        "@rexysaur/bluediamond": "^1.0.0"
      }
    }
  }
}
